
Microsoft Visual Studio Solution File, Format Version 12.00
# Visual Studio Version 17
VisualStudioVersion = 17.4.33205.214
MinimumVisualStudioVersion = 10.0.40219.1
Project("{FAE04EC0-301F-11D3-BF4B-00C04F79EFBC}") = "Ejercicios.ejercicio14", "Ejercicios.ejercicio14\Ejercicios.ejercicio14.csproj", "{21A861B6-1D0D-4323-9532-D93C39BC82DC}"
EndProject
Global
	GlobalSection(SolutionConfigurationPlatforms) = preSolution
		Debug|Any CPU = Debug|Any CPU
		Release|Any CPU = Release|Any CPU
	EndGlobalSection
	GlobalSection(ProjectConfigurationPlatforms) = postSolution
		{21A861B6-1D0D-4323-9532-D93C39BC82DC}.Debug|Any CPU.ActiveCfg = Debug|Any CPU
		{21A861B6-1D0D-4323-9532-D93C39BC82DC}.Debug|Any CPU.Build.0 = Debug|Any CPU
		{21A861B6-1D0D-4323-9532-D93C39BC82DC}.Release|Any CPU.ActiveCfg = Release|Any CPU
		{21A861B6-1D0D-4323-9532-D93C39BC82DC}.Release|Any CPU.Build.0 = Release|Any CPU
	EndGlobalSection
	GlobalSection(SolutionProperties) = preSolution
		HideSolutionNode = FALSE
	EndGlobalSection
	GlobalSection(ExtensibilityGlobals) = postSolution
		SolutionGuid = {CA929E93-EE57-4802-ABF6-C632A8260D8D}
	EndGlobalSection
EndGlobal
